
Microsoft Visual Studio Solution File, Format Version 12.00
# Visual Studio Version 17
VisualStudioVersion = 17.12.35323.107
MinimumVisualStudioVersion = 10.0.40219.1
Project("{FAE04EC0-301F-11D3-BF4B-00C04F79EFBC}") = "Welcome", "Welcome\Welcome.csproj", "{20360E07-20AC-4F5A-90C8-67CEC56ED5EA}"
EndProject
Project("{FAE04EC0-301F-11D3-BF4B-00C04F79EFBC}") = "WelcomeExtended", "WelcomeExtended\WelcomeExtended.csproj", "{0DA5A83B-D53A-4FFD-893A-C711CEEEA9C7}"
EndProject
Project("{FAE04EC0-301F-11D3-BF4B-00C04F79EFBC}") = "DataLayer", "DataLayer\DataLayer.csproj", "{2FBE8F9B-663A-4E85-B348-8C5AFCCD4B7C}"
EndProject
Global
	GlobalSection(SolutionConfigurationPlatforms) = preSolution
		Debug|Any CPU = Debug|Any CPU
		Release|Any CPU = Release|Any CPU
	EndGlobalSection
	GlobalSection(ProjectConfigurationPlatforms) = postSolution
		{20360E07-20AC-4F5A-90C8-67CEC56ED5EA}.Debug|Any CPU.ActiveCfg = Debug|Any CPU
		{20360E07-20AC-4F5A-90C8-67CEC56ED5EA}.Debug|Any CPU.Build.0 = Debug|Any CPU
		{20360E07-20AC-4F5A-90C8-67CEC56ED5EA}.Release|Any CPU.ActiveCfg = Release|Any CPU
		{20360E07-20AC-4F5A-90C8-67CEC56ED5EA}.Release|Any CPU.Build.0 = Release|Any CPU
		{0DA5A83B-D53A-4FFD-893A-C711CEEEA9C7}.Debug|Any CPU.ActiveCfg = Debug|Any CPU
		{0DA5A83B-D53A-4FFD-893A-C711CEEEA9C7}.Debug|Any CPU.Build.0 = Debug|Any CPU
		{0DA5A83B-D53A-4FFD-893A-C711CEEEA9C7}.Release|Any CPU.ActiveCfg = Release|Any CPU
		{0DA5A83B-D53A-4FFD-893A-C711CEEEA9C7}.Release|Any CPU.Build.0 = Release|Any CPU
		{2FBE8F9B-663A-4E85-B348-8C5AFCCD4B7C}.Debug|Any CPU.ActiveCfg = Debug|Any CPU
		{2FBE8F9B-663A-4E85-B348-8C5AFCCD4B7C}.Debug|Any CPU.Build.0 = Debug|Any CPU
		{2FBE8F9B-663A-4E85-B348-8C5AFCCD4B7C}.Release|Any CPU.ActiveCfg = Release|Any CPU
		{2FBE8F9B-663A-4E85-B348-8C5AFCCD4B7C}.Release|Any CPU.Build.0 = Release|Any CPU
	EndGlobalSection
	GlobalSection(SolutionProperties) = preSolution
		HideSolutionNode = FALSE
	EndGlobalSection
	GlobalSection(ExtensibilityGlobals) = postSolution
		SolutionGuid = {9C01840C-E5FD-4F29-AE33-AB359EC13A74}
	EndGlobalSection
EndGlobal
